
Microsoft Visual Studio Solution File, Format Version 12.00
# Visual Studio Version 17
VisualStudioVersion = 17.0.32112.339
MinimumVisualStudioVersion = 10.0.40219.1
Project("{9A19103F-16F7-4668-BE54-9A1E7A4F7556}") = "Assembly-CSharp", "Assembly-CSharp.csproj", "{D7B362FE-80BE-47D4-BA80-AD1E5293D259}"
EndProject
Global
	GlobalSection(SolutionConfigurationPlatforms) = preSolution
		Debug|Any CPU = Debug|Any CPU
		Release|Any CPU = Release|Any CPU
	EndGlobalSection
	GlobalSection(ProjectConfigurationPlatforms) = postSolution
		{D7B362FE-80BE-47D4-BA80-AD1E5293D259}.Debug|Any CPU.ActiveCfg = Debug|Any CPU
		{D7B362FE-80BE-47D4-BA80-AD1E5293D259}.Debug|Any CPU.Build.0 = Debug|Any CPU
		{D7B362FE-80BE-47D4-BA80-AD1E5293D259}.Release|Any CPU.ActiveCfg = Release|Any CPU
		{D7B362FE-80BE-47D4-BA80-AD1E5293D259}.Release|Any CPU.Build.0 = Release|Any CPU
	EndGlobalSection
	GlobalSection(SolutionProperties) = preSolution
		HideSolutionNode = FALSE
	EndGlobalSection
	GlobalSection(ExtensibilityGlobals) = postSolution
		SolutionGuid = {86E12C60-4F16-4804-9817-E11AE1006155}
	EndGlobalSection
EndGlobal
